
Microsoft Visual Studio Solution File, Format Version 12.00
# Visual Studio Version 17
VisualStudioVersion = 17.3.32825.248
MinimumVisualStudioVersion = 10.0.40219.1
Project("{9A19103F-16F7-4668-BE54-9A1E7A4F7556}") = "Identity_Demo1", "Identity_Demo1.csproj", "{1FB1E3D7-A6F3-421B-93A2-5DA035A31195}"
EndProject
Global
	GlobalSection(SolutionConfigurationPlatforms) = preSolution
		Debug|Any CPU = Debug|Any CPU
		Release|Any CPU = Release|Any CPU
	EndGlobalSection
	GlobalSection(ProjectConfigurationPlatforms) = postSolution
		{1FB1E3D7-A6F3-421B-93A2-5DA035A31195}.Debug|Any CPU.ActiveCfg = Debug|Any CPU
		{1FB1E3D7-A6F3-421B-93A2-5DA035A31195}.Debug|Any CPU.Build.0 = Debug|Any CPU
		{1FB1E3D7-A6F3-421B-93A2-5DA035A31195}.Release|Any CPU.ActiveCfg = Release|Any CPU
		{1FB1E3D7-A6F3-421B-93A2-5DA035A31195}.Release|Any CPU.Build.0 = Release|Any CPU
	EndGlobalSection
	GlobalSection(SolutionProperties) = preSolution
		HideSolutionNode = FALSE
	EndGlobalSection
	GlobalSection(ExtensibilityGlobals) = postSolution
		SolutionGuid = {ED6F2EAB-B126-4A7E-A53A-166C45991AFD}
	EndGlobalSection
EndGlobal
